// !$*UTF8*$!
{
	archiveVersion = 1;
	classes = {
	};
	objectVersion = 50;
	objects = {

/* Begin PBXBuildFile section */
		1A2C0DFC8322E2FF89DE18D2 /* libPods-RickAndMorty.a in Frameworks */ = {isa = PBXBuildFile; fileRef = F5BDEEC15B45BC6946632F70 /* libPods-RickAndMorty.a */; };
		724933D1E7CC141CADEA4F88 /* libPods-RickAndMortyTests.a in Frameworks */ = {isa = PBXBuildFile; fileRef = 08A91D9B569AD8720832319C /* libPods-RickAndMortyTests.a */; };
		FA3B6857234C102400CEE3CA /* AppDelegate.m in Sources */ = {isa = PBXBuildFile; fileRef = FA3B6856234C102400CEE3CA /* AppDelegate.m */; };
		FA3B685A234C102400CEE3CA /* ViewController.m in Sources */ = {isa = PBXBuildFile; fileRef = FA3B6859234C102400CEE3CA /* ViewController.m */; };
		FA3B685D234C102400CEE3CA /* Main.storyboard in Resources */ = {isa = PBXBuildFile; fileRef = FA3B685B234C102400CEE3CA /* Main.storyboard */; };
		FA3B685F234C102600CEE3CA /* Assets.xcassets in Resources */ = {isa = PBXBuildFile; fileRef = FA3B685E234C102600CEE3CA /* Assets.xcassets */; };
		FA3B6862234C102600CEE3CA /* LaunchScreen.storyboard in Resources */ = {isa = PBXBuildFile; fileRef = FA3B6860234C102600CEE3CA /* LaunchScreen.storyboard */; };
		FA3B6865234C102600CEE3CA /* main.m in Sources */ = {isa = PBXBuildFile; fileRef = FA3B6864234C102600CEE3CA /* main.m */; };
		FA3B686F234C102700CEE3CA /* RickAndMortyTests.m in Sources */ = {isa = PBXBuildFile; fileRef = FA3B686E234C102700CEE3CA /* RickAndMortyTests.m */; };
/* End PBXBuildFile section */

/* Begin PBXContainerItemProxy section */
		FA3B686B234C102700CEE3CA /* PBXContainerItemProxy */ = {
			isa = PBXContainerItemProxy;
			containerPortal = FA3B684A234C102400CEE3CA /* Project object */;
			proxyType = 1;
			remoteGlobalIDString = FA3B6851234C102400CEE3CA;
			remoteInfo = RickAndMorty;
		};
/* End PBXContainerItemProxy section */

/* Begin PBXFileReference section */
		08A91D9B569AD8720832319C /* libPods-RickAndMortyTests.a */ = {isa = PBXFileReference; explicitFileType = archive.ar; includeInIndex = 0; path = "libPods-RickAndMortyTests.a"; sourceTree = BUILT_PRODUCTS_DIR; };
		2A3726744CDF1B16E640B63F /* Pods-RickAndMorty.debug.xcconfig */ = {isa = PBXFileReference; includeInIndex = 1; lastKnownFileType = text.xcconfig; name = "Pods-RickAndMorty.debug.xcconfig"; path = "Pods/Target Support Files/Pods-RickAndMorty/Pods-RickAndMorty.debug.xcconfig"; sourceTree = "<group>"; };
		324151377019CFF58FAB2E9D /* Pods-RickAndMortyTests.release.xcconfig */ = {isa = PBXFileReference; includeInIndex = 1; lastKnownFileType = text.xcconfig; name = "Pods-RickAndMortyTests.release.xcconfig"; path = "Pods/Target Support Files/Pods-RickAndMortyTests/Pods-RickAndMortyTests.release.xcconfig"; sourceTree = "<group>"; };
		DC1CCBD3B5D4E24C85277481 /* Pods-RickAndMorty.release.xcconfig */ = {isa = PBXFileReference; includeInIndex = 1; lastKnownFileType = text.xcconfig; name = "Pods-RickAndMorty.release.xcconfig"; path = "Pods/Target Support Files/Pods-RickAndMorty/Pods-RickAndMorty.release.xcconfig"; sourceTree = "<group>"; };
		E9A7BBB253F7144A72D977FF /* Pods-RickAndMortyTests.debug.xcconfig */ = {isa = PBXFileReference; includeInIndex = 1; lastKnownFileType = text.xcconfig; name = "Pods-RickAndMortyTests.debug.xcconfig"; path = "Pods/Target Support Files/Pods-RickAndMortyTests/Pods-RickAndMortyTests.debug.xcconfig"; sourceTree = "<group>"; };
		F5BDEEC15B45BC6946632F70 /* libPods-RickAndMorty.a */ = {isa = PBXFileReference; explicitFileType = archive.ar; includeInIndex = 0; path = "libPods-RickAndMorty.a"; sourceTree = BUILT_PRODUCTS_DIR; };
		FA3B6852234C102400CEE3CA /* RickAndMorty.app */ = {isa = PBXFileReference; explicitFileType = wrapper.application; includeInIndex = 0; path = RickAndMorty.app; sourceTree = BUILT_PRODUCTS_DIR; };
		FA3B6855234C102400CEE3CA /* AppDelegate.h */ = {isa = PBXFileReference; lastKnownFileType = sourcecode.c.h; path = AppDelegate.h; sourceTree = "<group>"; };
		FA3B6856234C102400CEE3CA /* AppDelegate.m */ = {isa = PBXFileReference; lastKnownFileType = sourcecode.c.objc; path = AppDelegate.m; sourceTree = "<group>"; };
		FA3B6858234C102400CEE3CA /* ViewController.h */ = {isa = PBXFileReference; lastKnownFileType = sourcecode.c.h; path = ViewController.h; sourceTree = "<group>"; };
		FA3B6859234C102400CEE3CA /* ViewController.m */ = {isa = PBXFileReference; lastKnownFileType = sourcecode.c.objc; path = ViewController.m; sourceTree = "<group>"; };
		FA3B685C234C102400CEE3CA /* Base */ = {isa = PBXFileReference; lastKnownFileType = file.storyboard; name = Base; path = Base.lproj/Main.storyboard; sourceTree = "<group>"; };
		FA3B685E234C102600CEE3CA /* Assets.xcassets */ = {isa = PBXFileReference; lastKnownFileType = folder.assetcatalog; path = Assets.xcassets; sourceTree = "<group>"; };
		FA3B6861234C102600CEE3CA /* Base */ = {isa = PBXFileReference; lastKnownFileType = file.storyboard; name = Base; path = Base.lproj/LaunchScreen.storyboard; sourceTree = "<group>"; };
		FA3B6863234C102600CEE3CA /* Info.plist */ = {isa = PBXFileReference; lastKnownFileType = text.plist.xml; path = Info.plist; sourceTree = "<group>"; };
		FA3B6864234C102600CEE3CA /* main.m */ = {isa = PBXFileReference; lastKnownFileType = sourcecode.c.objc; path = main.m; sourceTree = "<group>"; };
		FA3B686A234C102700CEE3CA /* RickAndMortyTests.xctest */ = {isa = PBXFileReference; explicitFileType = wrapper.cfbundle; includeInIndex = 0; path = RickAndMortyTests.xctest; sourceTree = BUILT_PRODUCTS_DIR; };
		FA3B686E234C102700CEE3CA /* RickAndMortyTests.m */ = {isa = PBXFileReference; lastKnownFileType = sourcecode.c.objc; path = RickAndMortyTests.m; sourceTree = "<group>"; };
		FA3B6870234C102700CEE3CA /* Info.plist */ = {isa = PBXFileReference; lastKnownFileType = text.plist.xml; path = Info.plist; sourceTree = "<group>"; };
/* End PBXFileReference section */

/* Begin PBXFrameworksBuildPhase section */
		FA3B684F234C102400CEE3CA /* Frameworks */ = {
			isa = PBXFrameworksBuildPhase;
			buildActionMask = 2147483647;
			files = (
				1A2C0DFC8322E2FF89DE18D2 /* libPods-RickAndMorty.a in Frameworks */,
			);
			runOnlyForDeploymentPostprocessing = 0;
		};
		FA3B6867234C102700CEE3CA /* Frameworks */ = {
			isa = PBXFrameworksBuildPhase;
			buildActionMask = 2147483647;
			files = (
				724933D1E7CC141CADEA4F88 /* libPods-RickAndMortyTests.a in Frameworks */,
			);
			runOnlyForDeploymentPostprocessing = 0;
		};
/* End PBXFrameworksBuildPhase section */

/* Begin PBXGroup section */
		05A4B1560CBB85E44764E73E /* Pods */ = {
			isa = PBXGroup;
			children = (
				2A3726744CDF1B16E640B63F /* Pods-RickAndMorty.debug.xcconfig */,
				DC1CCBD3B5D4E24C85277481 /* Pods-RickAndMorty.release.xcconfig */,
				E9A7BBB253F7144A72D977FF /* Pods-RickAndMortyTests.debug.xcconfig */,
				324151377019CFF58FAB2E9D /* Pods-RickAndMortyTests.release.xcconfig */,
			);
			name = Pods;
			sourceTree = "<group>";
		};
		4479052CAD893B40EA94ECAC /* Frameworks */ = {
			isa = PBXGroup;
			children = (
				F5BDEEC15B45BC6946632F70 /* libPods-RickAndMorty.a */,
				08A91D9B569AD8720832319C /* libPods-RickAndMortyTests.a */,
			);
			name = Frameworks;
			sourceTree = "<group>";
		};
		FA3B6849234C102400CEE3CA = {
			isa = PBXGroup;
			children = (
				FA3B6854234C102400CEE3CA /* RickAndMorty */,
				FA3B686D234C102700CEE3CA /* RickAndMortyTests */,
				FA3B6853234C102400CEE3CA /* Products */,
				05A4B1560CBB85E44764E73E /* Pods */,
				4479052CAD893B40EA94ECAC /* Frameworks */,
			);
			sourceTree = "<group>";
		};
		FA3B6853234C102400CEE3CA /* Products */ = {
			isa = PBXGroup;
			children = (
				FA3B6852234C102400CEE3CA /* RickAndMorty.app */,
				FA3B686A234C102700CEE3CA /* RickAndMortyTests.xctest */,
			);
			name = Products;
			sourceTree = "<group>";
		};
		FA3B6854234C102400CEE3CA /* RickAndMorty */ = {
			isa = PBXGroup;
			children = (
				FA3B6855234C102400CEE3CA /* AppDelegate.h */,
				FA3B6856234C102400CEE3CA /* AppDelegate.m */,
				FA3B6858234C102400CEE3CA /* ViewController.h */,
				FA3B6859234C102400CEE3CA /* ViewController.m */,
				FA3B685B234C102400CEE3CA /* Main.storyboard */,
				FA3B685E234C102600CEE3CA /* Assets.xcassets */,
				FA3B6860234C102600CEE3CA /* LaunchScreen.storyboard */,
				FA3B6863234C102600CEE3CA /* Info.plist */,
				FA3B6864234C102600CEE3CA /* main.m */,
			);
			path = RickAndMorty;
			sourceTree = "<group>";
		};
		FA3B686D234C102700CEE3CA /* RickAndMortyTests */ = {
			isa = PBXGroup;
			children = (
				FA3B686E234C102700CEE3CA /* RickAndMortyTests.m */,
				FA3B6870234C102700CEE3CA /* Info.plist */,
			);
			path = RickAndMortyTests;
			sourceTree = "<group>";
		};
/* End PBXGroup section */

/* Begin PBXNativeTarget section */
		FA3B6851234C102400CEE3CA /* RickAndMorty */ = {
			isa = PBXNativeTarget;
			buildConfigurationList = FA3B6873234C102700CEE3CA /* Build configuration list for PBXNativeTarget "RickAndMorty" */;
			buildPhases = (
				67D3A815E4B1B02112F8DC3C /* [CP] Check Pods Manifest.lock */,
				FA3B684E234C102400CEE3CA /* Sources */,
				FA3B684F234C102400CEE3CA /* Frameworks */,
				FA3B6850234C102400CEE3CA /* Resources */,
			);
			buildRules = (
			);
			dependencies = (
			);
			name = RickAndMorty;
			productName = RickAndMorty;
			productReference = FA3B6852234C102400CEE3CA /* RickAndMorty.app */;
			productType = "com.apple.product-type.application";
		};
		FA3B6869234C102700CEE3CA /* RickAndMortyTests */ = {
			isa = PBXNativeTarget;
			buildConfigurationList = FA3B6876234C102700CEE3CA /* Build configuration list for PBXNativeTarget "RickAndMortyTests" */;
			buildPhases = (
				E3081D17C91689EC16B843B9 /* [CP] Check Pods Manifest.lock */,
				FA3B6866234C102700CEE3CA /* Sources */,
				FA3B6867234C102700CEE3CA /* Frameworks */,
				FA3B6868234C102700CEE3CA /* Resources */,
			);
			buildRules = (
			);
			dependencies = (
				FA3B686C234C102700CEE3CA /* PBXTargetDependency */,
			);
			name = RickAndMortyTests;
			productName = RickAndMortyTests;
			productReference = FA3B686A234C102700CEE3CA /* RickAndMortyTests.xctest */;
			productType = "com.apple.product-type.bundle.unit-test";
		};
/* End PBXNativeTarget section */

/* Begin PBXProject section */
		FA3B684A234C102400CEE3CA /* Project object */ = {
			isa = PBXProject;
			attributes = {
				LastUpgradeCheck = 1020;
				ORGANIZATIONNAME = meksconway;
				TargetAttributes = {
					FA3B6851234C102400CEE3CA = {
						CreatedOnToolsVersion = 10.2.1;
					};
					FA3B6869234C102700CEE3CA = {
						CreatedOnToolsVersion = 10.2.1;
						TestTargetID = FA3B6851234C102400CEE3CA;
					};
				};
			};
			buildConfigurationList = FA3B684D234C102400CEE3CA /* Build configuration list for PBXProject "RickAndMorty" */;
			compatibilityVersion = "Xcode 9.3";
			developmentRegion = en;
			hasScannedForEncodings = 0;
			knownRegions = (
				en,
				Base,
			);
			mainGroup = FA3B6849234C102400CEE3CA;
			productRefGroup = FA3B6853234C102400CEE3CA /* Products */;
			projectDirPath = "";
			projectRoot = "";
			targets = (
				FA3B6851234C102400CEE3CA /* RickAndMorty */,
				FA3B6869234C102700CEE3CA /* RickAndMortyTests */,
			);
		};
/* End PBXProject section */

/* Begin PBXResourcesBuildPhase section */
		FA3B6850234C102400CEE3CA /* Resources */ = {
			isa = PBXResourcesBuildPhase;
			buildActionMask = 2147483647;
			files = (
				FA3B6862234C102600CEE3CA /* LaunchScreen.storyboard in Resources */,
				FA3B685F234C102600CEE3CA /* Assets.xcassets in Resources */,
				FA3B685D234C102400CEE3CA /* Main.storyboard in Resources */,
			);
			runOnlyForDeploymentPostprocessing = 0;
		};
		FA3B6868234C102700CEE3CA /* Resources */ = {
			isa = PBXResourcesBuildPhase;
			buildActionMask = 2147483647;
			files = (
			);
			runOnlyForDeploymentPostprocessing = 0;
		};
/* End PBXResourcesBuildPhase section */

/* Begin PBXShellScriptBuildPhase section */
		67D3A815E4B1B02112F8DC3C /* [CP] Check Pods Manifest.lock */ = {
			isa = PBXShellScriptBuildPhase;
			buildActionMask = 2147483647;
			files = (
			);
			inputFileListPaths = (
			);
			inputPaths = (
				"${PODS_PODFILE_DIR_PATH}/Podfile.lock",
				"${PODS_ROOT}/Manifest.lock",
			);
			name = "[CP] Check Pods Manifest.lock";
			outputFileListPaths = (
			);
			outputPaths = (
				"$(DERIVED_FILE_DIR)/Pods-RickAndMorty-checkManifestLockResult.txt",
			);
			runOnlyForDeploymentPostprocessing = 0;
			shellPath = /bin/sh;
			shellScript = "diff \"${PODS_PODFILE_DIR_PATH}/Podfile.lock\" \"${PODS_ROOT}/Manifest.lock\" > /dev/null\nif [ $? != 0 ] ; then\n    # print error to STDERR\n    echo \"error: The sandbox is not in sync with the Podfile.lock. Run 'pod install' or update your CocoaPods installation.\" >&2\n    exit 1\nfi\n# This output is used by Xcode 'outputs' to avoid re-running this script phase.\necho \"SUCCESS\" > \"${SCRIPT_OUTPUT_FILE_0}\"\n";
			showEnvVarsInLog = 0;
		};
		E3081D17C91689EC16B843B9 /* [CP] Check Pods Manifest.lock */ = {
			isa = PBXShellScriptBuildPhase;
			buildActionMask = 2147483647;
			files = (
			);
			inputFileListPaths = (
			);
			inputPaths = (
				"${PODS_PODFILE_DIR_PATH}/Podfile.lock",
				"${PODS_ROOT}/Manifest.lock",
			);
			name = "[CP] Check Pods Manifest.lock";
			outputFileListPaths = (
			);
			outputPaths = (
				"$(DERIVED_FILE_DIR)/Pods-RickAndMortyTests-checkManifestLockResult.txt",
			);
			runOnlyForDeploymentPostprocessing = 0;
			shellPath = /bin/sh;
			shellScript = "diff \"${PODS_PODFILE_DIR_PATH}/Podfile.lock\" \"${PODS_ROOT}/Manifest.lock\" > /dev/null\nif [ $? != 0 ] ; then\n    # print error to STDERR\n    echo \"error: The sandbox is not in sync with the Podfile.lock. Run 'pod install' or update your CocoaPods installation.\" >&2\n    exit 1\nfi\n# This output is used by Xcode 'outputs' to avoid re-running this script phase.\necho \"SUCCESS\" > \"${SCRIPT_OUTPUT_FILE_0}\"\n";
			showEnvVarsInLog = 0;
		};
/* End PBXShellScriptBuildPhase section */

/* Begin PBXSourcesBuildPhase section */
		FA3B684E234C102400CEE3CA /* Sources */ = {
			isa = PBXSourcesBuildPhase;
			buildActionMask = 2147483647;
			files = (
				FA3B685A234C102400CEE3CA /* ViewController.m in Sources */,
				FA3B6865234C102600CEE3CA /* main.m in Sources */,
				FA3B6857234C102400CEE3CA /* AppDelegate.m in Sources */,
			);
			runOnlyForDeploymentPostprocessing = 0;
		};
		FA3B6866234C102700CEE3CA /* Sources */ = {
			isa = PBXSourcesBuildPhase;
			buildActionMask = 2147483647;
			files = (
				FA3B686F234C102700CEE3CA /* RickAndMortyTests.m in Sources */,
			);
			runOnlyForDeploymentPostprocessing = 0;
		};
/* End PBXSourcesBuildPhase section */

/* Begin PBXTargetDependency section */
		FA3B686C234C102700CEE3CA /* PBXTargetDependency */ = {
			isa = PBXTargetDependency;
			target = FA3B6851234C102400CEE3CA /* RickAndMorty */;
			targetProxy = FA3B686B234C102700CEE3CA /* PBXContainerItemProxy */;
		};
/* End PBXTargetDependency section */

/* Begin PBXVariantGroup section */
		FA3B685B234C102400CEE3CA /* Main.storyboard */ = {
			isa = PBXVariantGroup;
			children = (
				FA3B685C234C102400CEE3CA /* Base */,
			);
			name = Main.storyboard;
			sourceTree = "<group>";
		};
		FA3B6860234C102600CEE3CA /* LaunchScreen.storyboard */ = {
			isa = PBXVariantGroup;
			children = (
				FA3B6861234C102600CEE3CA /* Base */,
			);
			name = LaunchScreen.storyboard;
			sourceTree = "<group>";
		};
/* End PBXVariantGroup section */

/* Begin XCBuildConfiguration section */
		FA3B6871234C102700CEE3CA /* Debug */ = {
			isa = XCBuildConfiguration;
			buildSettings = {
				ALWAYS_SEARCH_USER_PATHS = NO;
				CLANG_ANALYZER_NONNULL = YES;
				CLANG_ANALYZER_NUMBER_OBJECT_CONVERSION = YES_AGGRESSIVE;
				CLANG_CXX_LANGUAGE_STANDARD = "gnu++14";
				CLANG_CXX_LIBRARY = "libc++";
				CLANG_ENABLE_MODULES = YES;
				CLANG_ENABLE_OBJC_ARC = YES;
				CLANG_ENABLE_OBJC_WEAK = YES;
				CLANG_WARN_BLOCK_CAPTURE_AUTORELEASING = YES;
				CLANG_WARN_BOOL_CONVERSION = YES;
				CLANG_WARN_COMMA = YES;
				CLANG_WARN_CONSTANT_CONVERSION = YES;
				CLANG_WARN_DEPRECATED_OBJC_IMPLEMENTATIONS = YES;
				CLANG_WARN_DIRECT_OBJC_ISA_USAGE = YES_ERROR;
				CLANG_WARN_DOCUMENTATION_COMMENTS = YES;
				CLANG_WARN_EMPTY_BODY = YES;
				CLANG_WARN_ENUM_CONVERSION = YES;
				CLANG_WARN_INFINITE_RECURSION = YES;
				CLANG_WARN_INT_CONVERSION = YES;
				CLANG_WARN_NON_LITERAL_NULL_CONVERSION = YES;
				CLANG_WARN_OBJC_IMPLICIT_RETAIN_SELF = YES;
				CLANG_WARN_OBJC_LITERAL_CONVERSION = YES;
				CLANG_WARN_OBJC_ROOT_CLASS = YES_ERROR;
				CLANG_WARN_RANGE_LOOP_ANALYSIS = YES;
				CLANG_WARN_STRICT_PROTOTYPES = YES;
				CLANG_WARN_SUSPICIOUS_MOVE = YES;
				CLANG_WARN_UNGUARDED_AVAILABILITY = YES_AGGRESSIVE;
				CLANG_WARN_UNREACHABLE_CODE = YES;
				CLANG_WARN__DUPLICATE_METHOD_MATCH = YES;
				CODE_SIGN_IDENTITY = "iPhone Developer";
				COPY_PHASE_STRIP = NO;
				DEBUG_INFORMATION_FORMAT = dwarf;
				ENABLE_STRICT_OBJC_MSGSEND = YES;
				ENABLE_TESTABILITY = YES;
				GCC_C_LANGUAGE_STANDARD = gnu11;
				GCC_DYNAMIC_NO_PIC = NO;
				GCC_NO_COMMON_BLOCKS = YES;
				GCC_OPTIMIZATION_LEVEL = 0;
				GCC_PREPROCESSOR_DEFINITIONS = (
					"DEBUG=1",
					"$(inherited)",
				);
				GCC_WARN_64_TO_32_BIT_CONVERSION = YES;
				GCC_WARN_ABOUT_RETURN_TYPE = YES_ERROR;
				GCC_WARN_UNDECLARED_SELECTOR = YES;
				GCC_WARN_UNINITIALIZED_AUTOS = YES_AGGRESSIVE;
				GCC_WARN_UNUSED_FUNCTION = YES;
				GCC_WARN_UNUSED_VARIABLE = YES;
				IPHONEOS_DEPLOYMENT_TARGET = 12.2;
				MTL_ENABLE_DEBUG_INFO = INCLUDE_SOURCE;
				MTL_FAST_MATH = YES;
				ONLY_ACTIVE_ARCH = YES;
				SDKROOT = iphoneos;
			};
			name = Debug;
		};
		FA3B6872234C102700CEE3CA /* Release */ = {
			isa = XCBuildConfiguration;
			buildSettings = {
				ALWAYS_SEARCH_USER_PATHS = NO;
				CLANG_ANALYZER_NONNULL = YES;
				CLANG_ANALYZER_NUMBER_OBJECT_CONVERSION = YES_AGGRESSIVE;
				CLANG_CXX_LANGUAGE_STANDARD = "gnu++14";
				CLANG_CXX_LIBRARY = "libc++";
				CLANG_ENABLE_MODULES = YES;
				CLANG_ENABLE_OBJC_ARC = YES;
				CLANG_ENABLE_OBJC_WEAK = YES;
				CLANG_WARN_BLOCK_CAPTURE_AUTORELEASING = YES;
				CLANG_WARN_BOOL_CONVERSION = YES;
				CLANG_WARN_COMMA = YES;
				CLANG_WARN_CONSTANT_CONVERSION = YES;
				CLANG_WARN_DEPRECATED_OBJC_IMPLEMENTATIONS = YES;
				CLANG_WARN_DIRECT_OBJC_ISA_USAGE = YES_ERROR;
				CLANG_WARN_DOCUMENTATION_COMMENTS = YES;
				CLANG_WARN_EMPTY_BODY = YES;
				CLANG_WARN_ENUM_CONVERSION = YES;
				CLANG_WARN_INFINITE_RECURSION = YES;
				CLANG_WARN_INT_CONVERSION = YES;
				CLANG_WARN_NON_LITERAL_NULL_CONVERSION = YES;
				CLANG_WARN_OBJC_IMPLICIT_RETAIN_SELF = YES;
				CLANG_WARN_OBJC_LITERAL_CONVERSION = YES;
				CLANG_WARN_OBJC_ROOT_CLASS = YES_ERROR;
				CLANG_WARN_RANGE_LOOP_ANALYSIS = YES;
				CLANG_WARN_STRICT_PROTOTYPES = YES;
				CLANG_WARN_SUSPICIOUS_MOVE = YES;
				CLANG_WARN_UNGUARDED_AVAILABILITY = YES_AGGRESSIVE;
				CLANG_WARN_UNREACHABLE_CODE = YES;
				CLANG_WARN__DUPLICATE_METHOD_MATCH = YES;
				CODE_SIGN_IDENTITY = "iPhone Developer";
				COPY_PHASE_STRIP = NO;
				DEBUG_INFORMATION_FORMAT = "dwarf-with-dsym";
				ENABLE_NS_ASSERTIONS = NO;
				ENABLE_STRICT_OBJC_MSGSEND = YES;
				GCC_C_LANGUAGE_STANDARD = gnu11;
				GCC_NO_COMMON_BLOCKS = YES;
				GCC_WARN_64_TO_32_BIT_CONVERSION = YES;
				GCC_WARN_ABOUT_RETURN_TYPE = YES_ERROR;
				GCC_WARN_UNDECLARED_SELECTOR = YES;
				GCC_WARN_UNINITIALIZED_AUTOS = YES_AGGRESSIVE;
				GCC_WARN_UNUSED_FUNCTION = YES;
				GCC_WARN_UNUSED_VARIABLE = YES;
				IPHONEOS_DEPLOYMENT_TARGET = 12.2;
				MTL_ENABLE_DEBUG_INFO = NO;
				MTL_FAST_MATH = YES;
				SDKROOT = iphoneos;
				VALIDATE_PRODUCT = YES;
			};
			name = Release;
		};
		FA3B6874234C102700CEE3CA /* Debug */ = {
			isa = XCBuildConfiguration;
			baseConfigurationReference = 2A3726744CDF1B16E640B63F /* Pods-RickAndMorty.debug.xcconfig */;
			buildSettings = {
				ASSETCATALOG_COMPILER_APPICON_NAME = AppIcon;
				CODE_SIGN_STYLE = Automatic;
				DEVELOPMENT_TEAM = CBF73L93YX;
				INFOPLIST_FILE = RickAndMorty/Info.plist;
				IPHONEOS_DEPLOYMENT_TARGET = 10.0;
				LD_RUNPATH_SEARCH_PATHS = (
					"$(inherited)",
					"@executable_path/Frameworks",
				);
				PRODUCT_BUNDLE_IDENTIFIER = com.meksconway.RickAndMorty;
				PRODUCT_NAME = "$(TARGET_NAME)";
				TARGETED_DEVICE_FAMILY = "1,2";
			};
			name = Debug;
		};
		FA3B6875234C102700CEE3CA /* Release */ = {
			isa = XCBuildConfiguration;
			baseConfigurationReference = DC1CCBD3B5D4E24C85277481 /* Pods-RickAndMorty.release.xcconfig */;
			buildSettings = {
				ASSETCATALOG_COMPILER_APPICON_NAME = AppIcon;
				CODE_SIGN_STYLE = Automatic;
				DEVELOPMENT_TEAM = CBF73L93YX;
				INFOPLIST_FILE = RickAndMorty/Info.plist;
				IPHONEOS_DEPLOYMENT_TARGET = 10.0;
				LD_RUNPATH_SEARCH_PATHS = (
					"$(inherited)",
					"@executable_path/Frameworks",
				);
				PRODUCT_BUNDLE_IDENTIFIER = com.meksconway.RickAndMorty;
				PRODUCT_NAME = "$(TARGET_NAME)";
				TARGETED_DEVICE_FAMILY = "1,2";
			};
			name = Release;
		};
		FA3B6877234C102700CEE3CA /* Debug */ = {
			isa = XCBuildConfiguration;
			baseConfigurationReference = E9A7BBB253F7144A72D977FF /* Pods-RickAndMortyTests.debug.xcconfig */;
			buildSettings = {
				BUNDLE_LOADER = "$(TEST_HOST)";
				CODE_SIGN_STYLE = Automatic;
				DEVELOPMENT_TEAM = CBF73L93YX;
				INFOPLIST_FILE = RickAndMortyTests/Info.plist;
				LD_RUNPATH_SEARCH_PATHS = (
					"$(inherited)",
					"@executable_path/Frameworks",
					"@loader_path/Frameworks",
				);
				PRODUCT_BUNDLE_IDENTIFIER = com.meksconway.RickAndMortyTests;
				PRODUCT_NAME = "$(TARGET_NAME)";
				TARGETED_DEVICE_FAMILY = "1,2";
				TEST_HOST = "$(BUILT_PRODUCTS_DIR)/RickAndMorty.app/RickAndMorty";
			};
			name = Debug;
		};
		FA3B6878234C102700CEE3CA /* Release */ = {
			isa = XCBuildConfiguration;
			baseConfigurationReference = 324151377019CFF58FAB2E9D /* Pods-RickAndMortyTests.release.xcconfig */;
			buildSettings = {
				BUNDLE_LOADER = "$(TEST_HOST)";
				CODE_SIGN_STYLE = Automatic;
				DEVELOPMENT_TEAM = CBF73L93YX;
				INFOPLIST_FILE = RickAndMortyTests/Info.plist;
				LD_RUNPATH_SEARCH_PATHS = (
					"$(inherited)",
					"@executable_path/Frameworks",
					"@loader_path/Frameworks",
				);
				PRODUCT_BUNDLE_IDENTIFIER = com.meksconway.RickAndMortyTests;
				PRODUCT_NAME = "$(TARGET_NAME)";
				TARGETED_DEVICE_FAMILY = "1,2";
				TEST_HOST = "$(BUILT_PRODUCTS_DIR)/RickAndMorty.app/RickAndMorty";
			};
			name = Release;
		};
/* End XCBuildConfiguration section */

/* Begin XCConfigurationList section */
		FA3B684D234C102400CEE3CA /* Build configuration list for PBXProject "RickAndMorty" */ = {
			isa = XCConfigurationList;
			buildConfigurations = (
				FA3B6871234C102700CEE3CA /* Debug */,
				FA3B6872234C102700CEE3CA /* Release */,
			);
			defaultConfigurationIsVisible = 0;
			defaultConfigurationName = Release;
		};
		FA3B6873234C102700CEE3CA /* Build configuration list for PBXNativeTarget "RickAndMorty" */ = {
			isa = XCConfigurationList;
			buildConfigurations = (
				FA3B6874234C102700CEE3CA /* Debug */,
				FA3B6875234C102700CEE3CA /* Release */,
			);
			defaultConfigurationIsVisible = 0;
			defaultConfigurationName = Release;
		};
		FA3B6876234C102700CEE3CA /* Build configuration list for PBXNativeTarget "RickAndMortyTests" */ = {
			isa = XCConfigurationList;
			buildConfigurations = (
				FA3B6877234C102700CEE3CA /* Debug */,
				FA3B6878234C102700CEE3CA /* Release */,
			);
			defaultConfigurationIsVisible = 0;
			defaultConfigurationName = Release;
		};
/* End XCConfigurationList section */
	};
	rootObject = FA3B684A234C102400CEE3CA /* Project object */;
}
